// !$*UTF8*$!
{
	archiveVersion = 1;
	classes = {
	};
	objectVersion = 46;
	objects = {

/* Begin PBXBuildFile section */
		A5041282197D834C0091F02B /* HomeTableViewController.m in Sources */ = {isa = PBXBuildFile; fileRef = A5041281197D834C0091F02B /* HomeTableViewController.m */; };
		A5041285197D83680091F02B /* MyNetworksTableViewController.m in Sources */ = {isa = PBXBuildFile; fileRef = A5041284197D83680091F02B /* MyNetworksTableViewController.m */; };
		A5041288197D83950091F02B /* ProfileViewController.m in Sources */ = {isa = PBXBuildFile; fileRef = A5041287197D83950091F02B /* ProfileViewController.m */; };
		A504128E198150670091F02B /* NetworkCreateViewController.m in Sources */ = {isa = PBXBuildFile; fileRef = A504128D198150670091F02B /* NetworkCreateViewController.m */; };
		A5041291198153050091F02B /* AttendeeDetailViewController.m in Sources */ = {isa = PBXBuildFile; fileRef = A5041290198153050091F02B /* AttendeeDetailViewController.m */; };
		A5041294198159A10091F02B /* QRCodeReaderViewController.m in Sources */ = {isa = PBXBuildFile; fileRef = A5041293198159A10091F02B /* QRCodeReaderViewController.m */; };
		A504129719815F720091F02B /* LogInViewController.m in Sources */ = {isa = PBXBuildFile; fileRef = A504129619815F720091F02B /* LogInViewController.m */; };
		A504129B19817DE90091F02B /* Parse.framework in Frameworks */ = {isa = PBXBuildFile; fileRef = A504129A19817DE90091F02B /* Parse.framework */; };
		A504129D19817EA30091F02B /* AudioToolbox.framework in Frameworks */ = {isa = PBXBuildFile; fileRef = A504129C19817EA30091F02B /* AudioToolbox.framework */; };
		A504129F19817EAF0091F02B /* CFNetwork.framework in Frameworks */ = {isa = PBXBuildFile; fileRef = A504129E19817EAF0091F02B /* CFNetwork.framework */; };
		A50412A119817EBC0091F02B /* CoreLocation.framework in Frameworks */ = {isa = PBXBuildFile; fileRef = A50412A019817EBC0091F02B /* CoreLocation.framework */; };
		A50412A319817EC50091F02B /* libz.dylib in Frameworks */ = {isa = PBXBuildFile; fileRef = A50412A219817EC50091F02B /* libz.dylib */; };
		A50412A519817ECF0091F02B /* MobileCoreServices.framework in Frameworks */ = {isa = PBXBuildFile; fileRef = A50412A419817ECF0091F02B /* MobileCoreServices.framework */; };
		A50412A719817ED60091F02B /* QuartzCore.framework in Frameworks */ = {isa = PBXBuildFile; fileRef = A50412A619817ED60091F02B /* QuartzCore.framework */; };
		A50412A919817EDC0091F02B /* Security.framework in Frameworks */ = {isa = PBXBuildFile; fileRef = A50412A819817EDC0091F02B /* Security.framework */; };
		A50412AB19817EE20091F02B /* StoreKit.framework in Frameworks */ = {isa = PBXBuildFile; fileRef = A50412AA19817EE20091F02B /* StoreKit.framework */; };
		A50412AD19817EEF0091F02B /* SystemConfiguration.framework in Frameworks */ = {isa = PBXBuildFile; fileRef = A50412AC19817EEF0091F02B /* SystemConfiguration.framework */; };
		A50412B01981C7E30091F02B /* SignUpViewController.m in Sources */ = {isa = PBXBuildFile; fileRef = A50412AF1981C7E30091F02B /* SignUpViewController.m */; };
		A50412C519827BC00091F02B /* bitstream.c in Sources */ = {isa = PBXBuildFile; fileRef = A50412B219827BBF0091F02B /* bitstream.c */; };
		A50412C619827BC00091F02B /* mask.c in Sources */ = {isa = PBXBuildFile; fileRef = A50412B419827BBF0091F02B /* mask.c */; };
		A50412C719827BC00091F02B /* mmask.c in Sources */ = {isa = PBXBuildFile; fileRef = A50412B619827BBF0091F02B /* mmask.c */; };
		A50412C819827BC00091F02B /* mqrspec.c in Sources */ = {isa = PBXBuildFile; fileRef = A50412B819827BBF0091F02B /* mqrspec.c */; };
		A50412C919827BC00091F02B /* qrencode.c in Sources */ = {isa = PBXBuildFile; fileRef = A50412BA19827BBF0091F02B /* qrencode.c */; };
		A50412CA19827BC00091F02B /* qrinput.c in Sources */ = {isa = PBXBuildFile; fileRef = A50412BD19827BBF0091F02B /* qrinput.c */; };
		A50412CB19827BC00091F02B /* qrspec.c in Sources */ = {isa = PBXBuildFile; fileRef = A50412BF19827BBF0091F02B /* qrspec.c */; };
		A50412CC19827BC00091F02B /* rscode.c in Sources */ = {isa = PBXBuildFile; fileRef = A50412C119827BC00091F02B /* rscode.c */; };
		A50412CD19827BC00091F02B /* split.c in Sources */ = {isa = PBXBuildFile; fileRef = A50412C319827BC00091F02B /* split.c */; };
		A50412D119827C0F0091F02B /* UIImage+QRCodeGenerator.m in Sources */ = {isa = PBXBuildFile; fileRef = A50412D019827C0F0091F02B /* UIImage+QRCodeGenerator.m */; };
		A54A3CB61990EF0600790539 /* EditProfileViewController.m in Sources */ = {isa = PBXBuildFile; fileRef = A54A3CB51990EF0600790539 /* EditProfileViewController.m */; };
		A5D6043819753A77009C6753 /* Foundation.framework in Frameworks */ = {isa = PBXBuildFile; fileRef = A5D6043719753A77009C6753 /* Foundation.framework */; };
		A5D6043A19753A77009C6753 /* CoreGraphics.framework in Frameworks */ = {isa = PBXBuildFile; fileRef = A5D6043919753A77009C6753 /* CoreGraphics.framework */; };
		A5D6043C19753A77009C6753 /* UIKit.framework in Frameworks */ = {isa = PBXBuildFile; fileRef = A5D6043B19753A77009C6753 /* UIKit.framework */; };
		A5D6044219753A77009C6753 /* InfoPlist.strings in Resources */ = {isa = PBXBuildFile; fileRef = A5D6044019753A77009C6753 /* InfoPlist.strings */; };
		A5D6044419753A77009C6753 /* main.m in Sources */ = {isa = PBXBuildFile; fileRef = A5D6044319753A77009C6753 /* main.m */; };
		A5D6044819753A77009C6753 /* AppDelegate.m in Sources */ = {isa = PBXBuildFile; fileRef = A5D6044719753A77009C6753 /* AppDelegate.m */; };
		A5D6044B19753A77009C6753 /* Main.storyboard in Resources */ = {isa = PBXBuildFile; fileRef = A5D6044919753A77009C6753 /* Main.storyboard */; };
		A5D6045319753A78009C6753 /* Images.xcassets in Resources */ = {isa = PBXBuildFile; fileRef = A5D6045219753A78009C6753 /* Images.xcassets */; };
		A5D6045A19753A78009C6753 /* XCTest.framework in Frameworks */ = {isa = PBXBuildFile; fileRef = A5D6045919753A78009C6753 /* XCTest.framework */; };
		A5D6045B19753A78009C6753 /* Foundation.framework in Frameworks */ = {isa = PBXBuildFile; fileRef = A5D6043719753A77009C6753 /* Foundation.framework */; };
		A5D6045C19753A78009C6753 /* UIKit.framework in Frameworks */ = {isa = PBXBuildFile; fileRef = A5D6043B19753A77009C6753 /* UIKit.framework */; };
		A5D6046419753A78009C6753 /* InfoPlist.strings in Resources */ = {isa = PBXBuildFile; fileRef = A5D6046219753A78009C6753 /* InfoPlist.strings */; };
		A5D6046619753A78009C6753 /* NetworkingAppTests.m in Sources */ = {isa = PBXBuildFile; fileRef = A5D6046519753A78009C6753 /* NetworkingAppTests.m */; };
/* End PBXBuildFile section */

/* Begin PBXContainerItemProxy section */
		A5D6045D19753A78009C6753 /* PBXContainerItemProxy */ = {
			isa = PBXContainerItemProxy;
			containerPortal = A5D6042C19753A77009C6753 /* Project object */;
			proxyType = 1;
			remoteGlobalIDString = A5D6043319753A77009C6753;
			remoteInfo = NetworkingApp;
		};
/* End PBXContainerItemProxy section */

/* Begin PBXFileReference section */
		A5041280197D834C0091F02B /* HomeTableViewController.h */ = {isa = PBXFileReference; fileEncoding = 4; lastKnownFileType = sourcecode.c.h; name = HomeTableViewController.h; path = ../HomeTableViewController.h; sourceTree = "<group>"; };
		A5041281197D834C0091F02B /* HomeTableViewController.m */ = {isa = PBXFileReference; fileEncoding = 4; lastKnownFileType = sourcecode.c.objc; name = HomeTableViewController.m; path = ../HomeTableViewController.m; sourceTree = "<group>"; };
		A5041283197D83680091F02B /* MyNetworksTableViewController.h */ = {isa = PBXFileReference; fileEncoding = 4; lastKnownFileType = sourcecode.c.h; name = MyNetworksTableViewController.h; path = ../MyNetworksTableViewController.h; sourceTree = "<group>"; };
		A5041284197D83680091F02B /* MyNetworksTableViewController.m */ = {isa = PBXFileReference; fileEncoding = 4; lastKnownFileType = sourcecode.c.objc; name = MyNetworksTableViewController.m; path = ../MyNetworksTableViewController.m; sourceTree = "<group>"; };
		A5041286197D83950091F02B /* ProfileViewController.h */ = {isa = PBXFileReference; fileEncoding = 4; lastKnownFileType = sourcecode.c.h; name = ProfileViewController.h; path = ../ProfileViewController.h; sourceTree = "<group>"; };
		A5041287197D83950091F02B /* ProfileViewController.m */ = {isa = PBXFileReference; fileEncoding = 4; lastKnownFileType = sourcecode.c.objc; name = ProfileViewController.m; path = ../ProfileViewController.m; sourceTree = "<group>"; };
		A504128C198150670091F02B /* NetworkCreateViewController.h */ = {isa = PBXFileReference; fileEncoding = 4; lastKnownFileType = sourcecode.c.h; name = NetworkCreateViewController.h; path = ../NetworkCreateViewController.h; sourceTree = "<group>"; };
		A504128D198150670091F02B /* NetworkCreateViewController.m */ = {isa = PBXFileReference; fileEncoding = 4; lastKnownFileType = sourcecode.c.objc; name = NetworkCreateViewController.m; path = ../NetworkCreateViewController.m; sourceTree = "<group>"; };
		A504128F198153050091F02B /* AttendeeDetailViewController.h */ = {isa = PBXFileReference; fileEncoding = 4; lastKnownFileType = sourcecode.c.h; path = AttendeeDetailViewController.h; sourceTree = SOURCE_ROOT; };
		A5041290198153050091F02B /* AttendeeDetailViewController.m */ = {isa = PBXFileReference; fileEncoding = 4; lastKnownFileType = sourcecode.c.objc; path = AttendeeDetailViewController.m; sourceTree = SOURCE_ROOT; };
		A5041292198159A10091F02B /* QRCodeReaderViewController.h */ = {isa = PBXFileReference; fileEncoding = 4; lastKnownFileType = sourcecode.c.h; path = QRCodeReaderViewController.h; sourceTree = SOURCE_ROOT; };
		A5041293198159A10091F02B /* QRCodeReaderViewController.m */ = {isa = PBXFileReference; fileEncoding = 4; lastKnownFileType = sourcecode.c.objc; path = QRCodeReaderViewController.m; sourceTree = SOURCE_ROOT; };
		A504129519815F720091F02B /* LogInViewController.h */ = {isa = PBXFileReference; fileEncoding = 4; lastKnownFileType = sourcecode.c.h; path = LogInViewController.h; sourceTree = SOURCE_ROOT; };
		A504129619815F720091F02B /* LogInViewController.m */ = {isa = PBXFileReference; fileEncoding = 4; lastKnownFileType = sourcecode.c.objc; path = LogInViewController.m; sourceTree = SOURCE_ROOT; };
		A504129A19817DE90091F02B /* Parse.framework */ = {isa = PBXFileReference; lastKnownFileType = wrapper.framework; path = Parse.framework; sourceTree = "<group>"; };
		A504129C19817EA30091F02B /* AudioToolbox.framework */ = {isa = PBXFileReference; lastKnownFileType = wrapper.framework; name = AudioToolbox.framework; path = System/Library/Frameworks/AudioToolbox.framework; sourceTree = SDKROOT; };
		A504129E19817EAF0091F02B /* CFNetwork.framework */ = {isa = PBXFileReference; lastKnownFileType = wrapper.framework; name = CFNetwork.framework; path = System/Library/Frameworks/CFNetwork.framework; sourceTree = SDKROOT; };
		A50412A019817EBC0091F02B /* CoreLocation.framework */ = {isa = PBXFileReference; lastKnownFileType = wrapper.framework; name = CoreLocation.framework; path = System/Library/Frameworks/CoreLocation.framework; sourceTree = SDKROOT; };
		A50412A219817EC50091F02B /* libz.dylib */ = {isa = PBXFileReference; lastKnownFileType = "compiled.mach-o.dylib"; name = libz.dylib; path = usr/lib/libz.dylib; sourceTree = SDKROOT; };
		A50412A419817ECF0091F02B /* MobileCoreServices.framework */ = {isa = PBXFileReference; lastKnownFileType = wrapper.framework; name = MobileCoreServices.framework; path = System/Library/Frameworks/MobileCoreServices.framework; sourceTree = SDKROOT; };
		A50412A619817ED60091F02B /* QuartzCore.framework */ = {isa = PBXFileReference; lastKnownFileType = wrapper.framework; name = QuartzCore.framework; path = System/Library/Frameworks/QuartzCore.framework; sourceTree = SDKROOT; };
		A50412A819817EDC0091F02B /* Security.framework */ = {isa = PBXFileReference; lastKnownFileType = wrapper.framework; name = Security.framework; path = System/Library/Frameworks/Security.framework; sourceTree = SDKROOT; };
		A50412AA19817EE20091F02B /* StoreKit.framework */ = {isa = PBXFileReference; lastKnownFileType = wrapper.framework; name = StoreKit.framework; path = System/Library/Frameworks/StoreKit.framework; sourceTree = SDKROOT; };
		A50412AC19817EEF0091F02B /* SystemConfiguration.framework */ = {isa = PBXFileReference; lastKnownFileType = wrapper.framework; name = SystemConfiguration.framework; path = System/Library/Frameworks/SystemConfiguration.framework; sourceTree = SDKROOT; };
		A50412AE1981C7E30091F02B /* SignUpViewController.h */ = {isa = PBXFileReference; fileEncoding = 4; lastKnownFileType = sourcecode.c.h; path = SignUpViewController.h; sourceTree = SOURCE_ROOT; };
		A50412AF1981C7E30091F02B /* SignUpViewController.m */ = {isa = PBXFileReference; fileEncoding = 4; lastKnownFileType = sourcecode.c.objc; path = SignUpViewController.m; sourceTree = SOURCE_ROOT; };
		A50412B119827BBF0091F02B /* config.h */ = {isa = PBXFileReference; fileEncoding = 4; lastKnownFileType = sourcecode.c.h; path = config.h; sourceTree = "<group>"; };
		A50412B219827BBF0091F02B /* bitstream.c */ = {isa = PBXFileReference; fileEncoding = 4; lastKnownFileType = sourcecode.c.c; path = bitstream.c; sourceTree = "<group>"; };
		A50412B319827BBF0091F02B /* bitstream.h */ = {isa = PBXFileReference; fileEncoding = 4; lastKnownFileType = sourcecode.c.h; path = bitstream.h; sourceTree = "<group>"; };
		A50412B419827BBF0091F02B /* mask.c */ = {isa = PBXFileReference; fileEncoding = 4; lastKnownFileType = sourcecode.c.c; path = mask.c; sourceTree = "<group>"; };
		A50412B519827BBF0091F02B /* mask.h */ = {isa = PBXFileReference; fileEncoding = 4; lastKnownFileType = sourcecode.c.h; path = mask.h; sourceTree = "<group>"; };
		A50412B619827BBF0091F02B /* mmask.c */ = {isa = PBXFileReference; fileEncoding = 4; lastKnownFileType = sourcecode.c.c; path = mmask.c; sourceTree = "<group>"; };
		A50412B719827BBF0091F02B /* mmask.h */ = {isa = PBXFileReference; fileEncoding = 4; lastKnownFileType = sourcecode.c.h; path = mmask.h; sourceTree = "<group>"; };
		A50412B819827BBF0091F02B /* mqrspec.c */ = {isa = PBXFileReference; fileEncoding = 4; lastKnownFileType = sourcecode.c.c; path = mqrspec.c; sourceTree = "<group>"; };
		A50412B919827BBF0091F02B /* mqrspec.h */ = {isa = PBXFileReference; fileEncoding = 4; lastKnownFileType = sourcecode.c.h; path = mqrspec.h; sourceTree = "<group>"; };
		A50412BA19827BBF0091F02B /* qrencode.c */ = {isa = PBXFileReference; fileEncoding = 4; lastKnownFileType = sourcecode.c.c; path = qrencode.c; sourceTree = "<group>"; };
		A50412BB19827BBF0091F02B /* qrencode.h */ = {isa = PBXFileReference; fileEncoding = 4; lastKnownFileType = sourcecode.c.h; path = qrencode.h; sourceTree = "<group>"; };
		A50412BC19827BBF0091F02B /* qrencode_inner.h */ = {isa = PBXFileReference; fileEncoding = 4; lastKnownFileType = sourcecode.c.h; path = qrencode_inner.h; sourceTree = "<group>"; };
		A50412BD19827BBF0091F02B /* qrinput.c */ = {isa = PBXFileReference; fileEncoding = 4; lastKnownFileType = sourcecode.c.c; path = qrinput.c; sourceTree = "<group>"; };
		A50412BE19827BBF0091F02B /* qrinput.h */ = {isa = PBXFileReference; fileEncoding = 4; lastKnownFileType = sourcecode.c.h; path = qrinput.h; sourceTree = "<group>"; };
		A50412BF19827BBF0091F02B /* qrspec.c */ = {isa = PBXFileReference; fileEncoding = 4; lastKnownFileType = sourcecode.c.c; path = qrspec.c; sourceTree = "<group>"; };
		A50412C019827BBF0091F02B /* qrspec.h */ = {isa = PBXFileReference; fileEncoding = 4; lastKnownFileType = sourcecode.c.h; path = qrspec.h; sourceTree = "<group>"; };
		A50412C119827BC00091F02B /* rscode.c */ = {isa = PBXFileReference; fileEncoding = 4; lastKnownFileType = sourcecode.c.c; path = rscode.c; sourceTree = "<group>"; };
		A50412C219827BC00091F02B /* rscode.h */ = {isa = PBXFileReference; fileEncoding = 4; lastKnownFileType = sourcecode.c.h; path = rscode.h; sourceTree = "<group>"; };
		A50412C319827BC00091F02B /* split.c */ = {isa = PBXFileReference; fileEncoding = 4; lastKnownFileType = sourcecode.c.c; path = split.c; sourceTree = "<group>"; };
		A50412C419827BC00091F02B /* split.h */ = {isa = PBXFileReference; fileEncoding = 4; lastKnownFileType = sourcecode.c.h; path = split.h; sourceTree = "<group>"; };
		A50412CF19827C0F0091F02B /* UIImage+QRCodeGenerator.h */ = {isa = PBXFileReference; fileEncoding = 4; lastKnownFileType = sourcecode.c.h; path = "UIImage+QRCodeGenerator.h"; sourceTree = "<group>"; };
		A50412D019827C0F0091F02B /* UIImage+QRCodeGenerator.m */ = {isa = PBXFileReference; fileEncoding = 4; lastKnownFileType = sourcecode.c.objc; path = "UIImage+QRCodeGenerator.m"; sourceTree = "<group>"; };
		A54A3CB41990EF0600790539 /* EditProfileViewController.h */ = {isa = PBXFileReference; fileEncoding = 4; lastKnownFileType = sourcecode.c.h; path = EditProfileViewController.h; sourceTree = SOURCE_ROOT; };
		A54A3CB51990EF0600790539 /* EditProfileViewController.m */ = {isa = PBXFileReference; fileEncoding = 4; lastKnownFileType = sourcecode.c.objc; path = EditProfileViewController.m; sourceTree = SOURCE_ROOT; };
		A5D6043419753A77009C6753 /* NetworkingApp.app */ = {isa = PBXFileReference; explicitFileType = wrapper.application; includeInIndex = 0; path = NetworkingApp.app; sourceTree = BUILT_PRODUCTS_DIR; };
		A5D6043719753A77009C6753 /* Foundation.framework */ = {isa = PBXFileReference; lastKnownFileType = wrapper.framework; name = Foundation.framework; path = System/Library/Frameworks/Foundation.framework; sourceTree = SDKROOT; };
		A5D6043919753A77009C6753 /* CoreGraphics.framework */ = {isa = PBXFileReference; lastKnownFileType = wrapper.framework; name = CoreGraphics.framework; path = System/Library/Frameworks/CoreGraphics.framework; sourceTree = SDKROOT; };
		A5D6043B19753A77009C6753 /* UIKit.framework */ = {isa = PBXFileReference; lastKnownFileType = wrapper.framework; name = UIKit.framework; path = System/Library/Frameworks/UIKit.framework; sourceTree = SDKROOT; };
		A5D6043F19753A77009C6753 /* NetworkingApp-Info.plist */ = {isa = PBXFileReference; lastKnownFileType = text.plist.xml; path = "NetworkingApp-Info.plist"; sourceTree = "<group>"; };
		A5D6044119753A77009C6753 /* en */ = {isa = PBXFileReference; lastKnownFileType = text.plist.strings; name = en; path = en.lproj/InfoPlist.strings; sourceTree = "<group>"; };
		A5D6044319753A77009C6753 /* main.m */ = {isa = PBXFileReference; lastKnownFileType = sourcecode.c.objc; path = main.m; sourceTree = "<group>"; };
		A5D6044519753A77009C6753 /* NetworkingApp-Prefix.pch */ = {isa = PBXFileReference; lastKnownFileType = sourcecode.c.h; path = "NetworkingApp-Prefix.pch"; sourceTree = "<group>"; };
		A5D6044619753A77009C6753 /* AppDelegate.h */ = {isa = PBXFileReference; lastKnownFileType = sourcecode.c.h; path = AppDelegate.h; sourceTree = "<group>"; };
		A5D6044719753A77009C6753 /* AppDelegate.m */ = {isa = PBXFileReference; lastKnownFileType = sourcecode.c.objc; path = AppDelegate.m; sourceTree = "<group>"; };
		A5D6044A19753A77009C6753 /* Base */ = {isa = PBXFileReference; lastKnownFileType = file.storyboard; name = Base; path = Base.lproj/Main.storyboard; sourceTree = "<group>"; };
		A5D6045219753A78009C6753 /* Images.xcassets */ = {isa = PBXFileReference; lastKnownFileType = folder.assetcatalog; path = Images.xcassets; sourceTree = "<group>"; };
		A5D6045819753A78009C6753 /* NetworkingAppTests.xctest */ = {isa = PBXFileReference; explicitFileType = wrapper.cfbundle; includeInIndex = 0; path = NetworkingAppTests.xctest; sourceTree = BUILT_PRODUCTS_DIR; };
		A5D6045919753A78009C6753 /* XCTest.framework */ = {isa = PBXFileReference; lastKnownFileType = wrapper.framework; name = XCTest.framework; path = Library/Frameworks/XCTest.framework; sourceTree = DEVELOPER_DIR; };
		A5D6046119753A78009C6753 /* NetworkingAppTests-Info.plist */ = {isa = PBXFileReference; lastKnownFileType = text.plist.xml; path = "NetworkingAppTests-Info.plist"; sourceTree = "<group>"; };
		A5D6046319753A78009C6753 /* en */ = {isa = PBXFileReference; lastKnownFileType = text.plist.strings; name = en; path = en.lproj/InfoPlist.strings; sourceTree = "<group>"; };
		A5D6046519753A78009C6753 /* NetworkingAppTests.m */ = {isa = PBXFileReference; lastKnownFileType = sourcecode.c.objc; path = NetworkingAppTests.m; sourceTree = "<group>"; };
/* End PBXFileReference section */

/* Begin PBXFrameworksBuildPhase section */
		A5D6043119753A77009C6753 /* Frameworks */ = {
			isa = PBXFrameworksBuildPhase;
			buildActionMask = 2147483647;
			files = (
				A50412AD19817EEF0091F02B /* SystemConfiguration.framework in Frameworks */,
				A50412AB19817EE20091F02B /* StoreKit.framework in Frameworks */,
				A50412A919817EDC0091F02B /* Security.framework in Frameworks */,
				A50412A719817ED60091F02B /* QuartzCore.framework in Frameworks */,
				A50412A519817ECF0091F02B /* MobileCoreServices.framework in Frameworks */,
				A50412A319817EC50091F02B /* libz.dylib in Frameworks */,
				A50412A119817EBC0091F02B /* CoreLocation.framework in Frameworks */,
				A504129F19817EAF0091F02B /* CFNetwork.framework in Frameworks */,
				A504129D19817EA30091F02B /* AudioToolbox.framework in Frameworks */,
				A5D6043A19753A77009C6753 /* CoreGraphics.framework in Frameworks */,
				A5D6043C19753A77009C6753 /* UIKit.framework in Frameworks */,
				A504129B19817DE90091F02B /* Parse.framework in Frameworks */,
				A5D6043819753A77009C6753 /* Foundation.framework in Frameworks */,
			);
			runOnlyForDeploymentPostprocessing = 0;
		};
		A5D6045519753A78009C6753 /* Frameworks */ = {
			isa = PBXFrameworksBuildPhase;
			buildActionMask = 2147483647;
			files = (
				A5D6045A19753A78009C6753 /* XCTest.framework in Frameworks */,
				A5D6045C19753A78009C6753 /* UIKit.framework in Frameworks */,
				A5D6045B19753A78009C6753 /* Foundation.framework in Frameworks */,
			);
			runOnlyForDeploymentPostprocessing = 0;
		};
/* End PBXFrameworksBuildPhase section */

/* Begin PBXGroup section */
		A50412CE19827BCB0091F02B /* qrencode */ = {
			isa = PBXGroup;
			children = (
				A50412CF19827C0F0091F02B /* UIImage+QRCodeGenerator.h */,
				A50412D019827C0F0091F02B /* UIImage+QRCodeGenerator.m */,
				A50412B119827BBF0091F02B /* config.h */,
				A50412B219827BBF0091F02B /* bitstream.c */,
				A50412B319827BBF0091F02B /* bitstream.h */,
				A50412B419827BBF0091F02B /* mask.c */,
				A50412B519827BBF0091F02B /* mask.h */,
				A50412B619827BBF0091F02B /* mmask.c */,
				A50412B719827BBF0091F02B /* mmask.h */,
				A50412B819827BBF0091F02B /* mqrspec.c */,
				A50412B919827BBF0091F02B /* mqrspec.h */,
				A50412BA19827BBF0091F02B /* qrencode.c */,
				A50412BB19827BBF0091F02B /* qrencode.h */,
				A50412BC19827BBF0091F02B /* qrencode_inner.h */,
				A50412BD19827BBF0091F02B /* qrinput.c */,
				A50412BE19827BBF0091F02B /* qrinput.h */,
				A50412BF19827BBF0091F02B /* qrspec.c */,
				A50412C019827BBF0091F02B /* qrspec.h */,
				A50412C119827BC00091F02B /* rscode.c */,
				A50412C219827BC00091F02B /* rscode.h */,
				A50412C319827BC00091F02B /* split.c */,
				A50412C419827BC00091F02B /* split.h */,
			);
			name = qrencode;
			sourceTree = "<group>";
		};
		A5D6042B19753A77009C6753 = {
			isa = PBXGroup;
			children = (
				A5D6043D19753A77009C6753 /* NetworkingApp */,
				A5D6045F19753A78009C6753 /* NetworkingAppTests */,
				A5D6043619753A77009C6753 /* Frameworks */,
				A5D6043519753A77009C6753 /* Products */,
			);
			sourceTree = "<group>";
		};
		A5D6043519753A77009C6753 /* Products */ = {
			isa = PBXGroup;
			children = (
				A5D6043419753A77009C6753 /* NetworkingApp.app */,
				A5D6045819753A78009C6753 /* NetworkingAppTests.xctest */,
			);
			name = Products;
			sourceTree = "<group>";
		};
		A5D6043619753A77009C6753 /* Frameworks */ = {
			isa = PBXGroup;
			children = (
				A50412AC19817EEF0091F02B /* SystemConfiguration.framework */,
				A50412AA19817EE20091F02B /* StoreKit.framework */,
				A50412A819817EDC0091F02B /* Security.framework */,
				A50412A619817ED60091F02B /* QuartzCore.framework */,
				A50412A419817ECF0091F02B /* MobileCoreServices.framework */,
				A50412A219817EC50091F02B /* libz.dylib */,
				A50412A019817EBC0091F02B /* CoreLocation.framework */,
				A504129E19817EAF0091F02B /* CFNetwork.framework */,
				A504129C19817EA30091F02B /* AudioToolbox.framework */,
				A504129A19817DE90091F02B /* Parse.framework */,
				A5D6043719753A77009C6753 /* Foundation.framework */,
				A5D6043919753A77009C6753 /* CoreGraphics.framework */,
				A5D6043B19753A77009C6753 /* UIKit.framework */,
				A5D6045919753A78009C6753 /* XCTest.framework */,
			);
			name = Frameworks;
			sourceTree = "<group>";
		};
		A5D6043D19753A77009C6753 /* NetworkingApp */ = {
			isa = PBXGroup;
			children = (
				A50412CE19827BCB0091F02B /* qrencode */,
				A5D6044619753A77009C6753 /* AppDelegate.h */,
				A5D6044719753A77009C6753 /* AppDelegate.m */,
				A5041286197D83950091F02B /* ProfileViewController.h */,
				A5041287197D83950091F02B /* ProfileViewController.m */,
				A504128C198150670091F02B /* NetworkCreateViewController.h */,
				A504128D198150670091F02B /* NetworkCreateViewController.m */,
				A5041283197D83680091F02B /* MyNetworksTableViewController.h */,
				A5041284197D83680091F02B /* MyNetworksTableViewController.m */,
				A5041280197D834C0091F02B /* HomeTableViewController.h */,
				A5041281197D834C0091F02B /* HomeTableViewController.m */,
				A5D6044919753A77009C6753 /* Main.storyboard */,
				A54A3CB41990EF0600790539 /* EditProfileViewController.h */,
				A54A3CB51990EF0600790539 /* EditProfileViewController.m */,
				A50412AE1981C7E30091F02B /* SignUpViewController.h */,
				A50412AF1981C7E30091F02B /* SignUpViewController.m */,
				A504129519815F720091F02B /* LogInViewController.h */,
				A504129619815F720091F02B /* LogInViewController.m */,
				A5041292198159A10091F02B /* QRCodeReaderViewController.h */,
				A5041293198159A10091F02B /* QRCodeReaderViewController.m */,
				A504128F198153050091F02B /* AttendeeDetailViewController.h */,
				A5041290198153050091F02B /* AttendeeDetailViewController.m */,
				A5D6045219753A78009C6753 /* Images.xcassets */,
				A5D6043E19753A77009C6753 /* Supporting Files */,
			);
			path = NetworkingApp;
			sourceTree = "<group>";
		};
		A5D6043E19753A77009C6753 /* Supporting Files */ = {
			isa = PBXGroup;
			children = (
				A5D6043F19753A77009C6753 /* NetworkingApp-Info.plist */,
				A5D6044019753A77009C6753 /* InfoPlist.strings */,
				A5D6044319753A77009C6753 /* main.m */,
				A5D6044519753A77009C6753 /* NetworkingApp-Prefix.pch */,
			);
			name = "Supporting Files";
			sourceTree = "<group>";
		};
		A5D6045F19753A78009C6753 /* NetworkingAppTests */ = {
			isa = PBXGroup;
			children = (
				A5D6046519753A78009C6753 /* NetworkingAppTests.m */,
				A5D6046019753A78009C6753 /* Supporting Files */,
			);
			path = NetworkingAppTests;
			sourceTree = "<group>";
		};
		A5D6046019753A78009C6753 /* Supporting Files */ = {
			isa = PBXGroup;
			children = (
				A5D6046119753A78009C6753 /* NetworkingAppTests-Info.plist */,
				A5D6046219753A78009C6753 /* InfoPlist.strings */,
			);
			name = "Supporting Files";
			sourceTree = "<group>";
		};
/* End PBXGroup section */

/* Begin PBXNativeTarget section */
		A5D6043319753A77009C6753 /* NetworkingApp */ = {
			isa = PBXNativeTarget;
			buildConfigurationList = A5D6046919753A78009C6753 /* Build configuration list for PBXNativeTarget "NetworkingApp" */;
			buildPhases = (
				A5D6043019753A77009C6753 /* Sources */,
				A5D6043119753A77009C6753 /* Frameworks */,
				A5D6043219753A77009C6753 /* Resources */,
			);
			buildRules = (
			);
			dependencies = (
			);
			name = NetworkingApp;
			productName = NetworkingApp;
			productReference = A5D6043419753A77009C6753 /* NetworkingApp.app */;
			productType = "com.apple.product-type.application";
		};
		A5D6045719753A78009C6753 /* NetworkingAppTests */ = {
			isa = PBXNativeTarget;
			buildConfigurationList = A5D6046C19753A78009C6753 /* Build configuration list for PBXNativeTarget "NetworkingAppTests" */;
			buildPhases = (
				A5D6045419753A78009C6753 /* Sources */,
				A5D6045519753A78009C6753 /* Frameworks */,
				A5D6045619753A78009C6753 /* Resources */,
			);
			buildRules = (
			);
			dependencies = (
				A5D6045E19753A78009C6753 /* PBXTargetDependency */,
			);
			name = NetworkingAppTests;
			productName = NetworkingAppTests;
			productReference = A5D6045819753A78009C6753 /* NetworkingAppTests.xctest */;
			productType = "com.apple.product-type.bundle.unit-test";
		};
/* End PBXNativeTarget section */

/* Begin PBXProject section */
		A5D6042C19753A77009C6753 /* Project object */ = {
			isa = PBXProject;
			attributes = {
				LastUpgradeCheck = 0510;
				ORGANIZATIONNAME = "James May";
				TargetAttributes = {
					A5D6045719753A78009C6753 = {
						TestTargetID = A5D6043319753A77009C6753;
					};
				};
			};
			buildConfigurationList = A5D6042F19753A77009C6753 /* Build configuration list for PBXProject "NetworkingApp" */;
			compatibilityVersion = "Xcode 3.2";
			developmentRegion = English;
			hasScannedForEncodings = 0;
			knownRegions = (
				en,
				Base,
			);
			mainGroup = A5D6042B19753A77009C6753;
			productRefGroup = A5D6043519753A77009C6753 /* Products */;
			projectDirPath = "";
			projectRoot = "";
			targets = (
				A5D6043319753A77009C6753 /* NetworkingApp */,
				A5D6045719753A78009C6753 /* NetworkingAppTests */,
			);
		};
/* End PBXProject section */

/* Begin PBXResourcesBuildPhase section */
		A5D6043219753A77009C6753 /* Resources */ = {
			isa = PBXResourcesBuildPhase;
			buildActionMask = 2147483647;
			files = (
				A5D6045319753A78009C6753 /* Images.xcassets in Resources */,
				A5D6044219753A77009C6753 /* InfoPlist.strings in Resources */,
				A5D6044B19753A77009C6753 /* Main.storyboard in Resources */,
			);
			runOnlyForDeploymentPostprocessing = 0;
		};
		A5D6045619753A78009C6753 /* Resources */ = {
			isa = PBXResourcesBuildPhase;
			buildActionMask = 2147483647;
			files = (
				A5D6046419753A78009C6753 /* InfoPlist.strings in Resources */,
			);
			runOnlyForDeploymentPostprocessing = 0;
		};
/* End PBXResourcesBuildPhase section */

/* Begin PBXSourcesBuildPhase section */
		A5D6043019753A77009C6753 /* Sources */ = {
			isa = PBXSourcesBuildPhase;
			buildActionMask = 2147483647;
			files = (
				A5041285197D83680091F02B /* MyNetworksTableViewController.m in Sources */,
				A5D6044819753A77009C6753 /* AppDelegate.m in Sources */,
				A54A3CB61990EF0600790539 /* EditProfileViewController.m in Sources */,
				A5041282197D834C0091F02B /* HomeTableViewController.m in Sources */,
				A50412C719827BC00091F02B /* mmask.c in Sources */,
				A50412C619827BC00091F02B /* mask.c in Sources */,
				A50412CB19827BC00091F02B /* qrspec.c in Sources */,
				A5D6044419753A77009C6753 /* main.m in Sources */,
				A50412C519827BC00091F02B /* bitstream.c in Sources */,
				A5041288197D83950091F02B /* ProfileViewController.m in Sources */,
				A50412D119827C0F0091F02B /* UIImage+QRCodeGenerator.m in Sources */,
				A50412CD19827BC00091F02B /* split.c in Sources */,
				A504129719815F720091F02B /* LogInViewController.m in Sources */,
				A50412B01981C7E30091F02B /* SignUpViewController.m in Sources */,
				A504128E198150670091F02B /* NetworkCreateViewController.m in Sources */,
				A5041291198153050091F02B /* AttendeeDetailViewController.m in Sources */,
				A50412CC19827BC00091F02B /* rscode.c in Sources */,
				A50412C919827BC00091F02B /* qrencode.c in Sources */,
				A50412CA19827BC00091F02B /* qrinput.c in Sources */,
				A5041294198159A10091F02B /* QRCodeReaderViewController.m in Sources */,
				A50412C819827BC00091F02B /* mqrspec.c in Sources */,
			);
			runOnlyForDeploymentPostprocessing = 0;
		};
		A5D6045419753A78009C6753 /* Sources */ = {
			isa = PBXSourcesBuildPhase;
			buildActionMask = 2147483647;
			files = (
				A5D6046619753A78009C6753 /* NetworkingAppTests.m in Sources */,
			);
			runOnlyForDeploymentPostprocessing = 0;
		};
/* End PBXSourcesBuildPhase section */

/* Begin PBXTargetDependency section */
		A5D6045E19753A78009C6753 /* PBXTargetDependency */ = {
			isa = PBXTargetDependency;
			target = A5D6043319753A77009C6753 /* NetworkingApp */;
			targetProxy = A5D6045D19753A78009C6753 /* PBXContainerItemProxy */;
		};
/* End PBXTargetDependency section */

/* Begin PBXVariantGroup section */
		A5D6044019753A77009C6753 /* InfoPlist.strings */ = {
			isa = PBXVariantGroup;
			children = (
				A5D6044119753A77009C6753 /* en */,
			);
			name = InfoPlist.strings;
			sourceTree = "<group>";
		};
		A5D6044919753A77009C6753 /* Main.storyboard */ = {
			isa = PBXVariantGroup;
			children = (
				A5D6044A19753A77009C6753 /* Base */,
			);
			name = Main.storyboard;
			sourceTree = "<group>";
		};
		A5D6046219753A78009C6753 /* InfoPlist.strings */ = {
			isa = PBXVariantGroup;
			children = (
				A5D6046319753A78009C6753 /* en */,
			);
			name = InfoPlist.strings;
			sourceTree = "<group>";
		};
/* End PBXVariantGroup section */

/* Begin XCBuildConfiguration section */
		A5D6046719753A78009C6753 /* Debug */ = {
			isa = XCBuildConfiguration;
			buildSettings = {
				ALWAYS_SEARCH_USER_PATHS = NO;
				CLANG_CXX_LANGUAGE_STANDARD = "gnu++0x";
				CLANG_CXX_LIBRARY = "libc++";
				CLANG_ENABLE_MODULES = YES;
				CLANG_ENABLE_OBJC_ARC = YES;
				CLANG_WARN_BOOL_CONVERSION = YES;
				CLANG_WARN_CONSTANT_CONVERSION = YES;
				CLANG_WARN_DIRECT_OBJC_ISA_USAGE = YES_ERROR;
				CLANG_WARN_EMPTY_BODY = YES;
				CLANG_WARN_ENUM_CONVERSION = YES;
				CLANG_WARN_INT_CONVERSION = YES;
				CLANG_WARN_OBJC_ROOT_CLASS = YES_ERROR;
				CLANG_WARN__DUPLICATE_METHOD_MATCH = YES;
				"CODE_SIGN_IDENTITY[sdk=iphoneos*]" = "iPhone Developer";
				COPY_PHASE_STRIP = NO;
				GCC_C_LANGUAGE_STANDARD = gnu99;
				GCC_DYNAMIC_NO_PIC = NO;
				GCC_OPTIMIZATION_LEVEL = 0;
				GCC_PREPROCESSOR_DEFINITIONS = (
					"DEBUG=1",
					"$(inherited)",
				);
				GCC_SYMBOLS_PRIVATE_EXTERN = NO;
				GCC_WARN_64_TO_32_BIT_CONVERSION = YES;
				GCC_WARN_ABOUT_RETURN_TYPE = YES_ERROR;
				GCC_WARN_UNDECLARED_SELECTOR = YES;
				GCC_WARN_UNINITIALIZED_AUTOS = YES_AGGRESSIVE;
				GCC_WARN_UNUSED_FUNCTION = YES;
				GCC_WARN_UNUSED_VARIABLE = YES;
				IPHONEOS_DEPLOYMENT_TARGET = 7.1;
				ONLY_ACTIVE_ARCH = YES;
				SDKROOT = iphoneos;
			};
			name = Debug;
		};
		A5D6046819753A78009C6753 /* Release */ = {
			isa = XCBuildConfiguration;
			buildSettings = {
				ALWAYS_SEARCH_USER_PATHS = NO;
				CLANG_CXX_LANGUAGE_STANDARD = "gnu++0x";
				CLANG_CXX_LIBRARY = "libc++";
				CLANG_ENABLE_MODULES = YES;
				CLANG_ENABLE_OBJC_ARC = YES;
				CLANG_WARN_BOOL_CONVERSION = YES;
				CLANG_WARN_CONSTANT_CONVERSION = YES;
				CLANG_WARN_DIRECT_OBJC_ISA_USAGE = YES_ERROR;
				CLANG_WARN_EMPTY_BODY = YES;
				CLANG_WARN_ENUM_CONVERSION = YES;
				CLANG_WARN_INT_CONVERSION = YES;
				CLANG_WARN_OBJC_ROOT_CLASS = YES_ERROR;
				CLANG_WARN__DUPLICATE_METHOD_MATCH = YES;
				"CODE_SIGN_IDENTITY[sdk=iphoneos*]" = "iPhone Developer";
				COPY_PHASE_STRIP = YES;
				ENABLE_NS_ASSERTIONS = NO;
				GCC_C_LANGUAGE_STANDARD = gnu99;
				GCC_WARN_64_TO_32_BIT_CONVERSION = YES;
				GCC_WARN_ABOUT_RETURN_TYPE = YES_ERROR;
				GCC_WARN_UNDECLARED_SELECTOR = YES;
				GCC_WARN_UNINITIALIZED_AUTOS = YES_AGGRESSIVE;
				GCC_WARN_UNUSED_FUNCTION = YES;
				GCC_WARN_UNUSED_VARIABLE = YES;
				IPHONEOS_DEPLOYMENT_TARGET = 7.1;
				SDKROOT = iphoneos;
				VALIDATE_PRODUCT = YES;
			};
			name = Release;
		};
		A5D6046A19753A78009C6753 /* Debug */ = {
			isa = XCBuildConfiguration;
			buildSettings = {
				ASSETCATALOG_COMPILER_APPICON_NAME = AppIcon;
				ASSETCATALOG_COMPILER_LAUNCHIMAGE_NAME = LaunchImage;
				CODE_SIGN_IDENTITY = "iPhone Developer";
				FRAMEWORK_SEARCH_PATHS = (
					"$(inherited)",
					"$(PROJECT_DIR)",
				);
				GCC_PRECOMPILE_PREFIX_HEADER = YES;
				GCC_PREFIX_HEADER = "NetworkingApp/NetworkingApp-Prefix.pch";
				INFOPLIST_FILE = "NetworkingApp/NetworkingApp-Info.plist";
				IPHONEOS_DEPLOYMENT_TARGET = 7.0;
				PRODUCT_NAME = "$(TARGET_NAME)";
				PROVISIONING_PROFILE = "";
				WRAPPER_EXTENSION = app;
			};
			name = Debug;
		};
		A5D6046B19753A78009C6753 /* Release */ = {
			isa = XCBuildConfiguration;
			buildSettings = {
				ASSETCATALOG_COMPILER_APPICON_NAME = AppIcon;
				ASSETCATALOG_COMPILER_LAUNCHIMAGE_NAME = LaunchImage;
				CODE_SIGN_IDENTITY = "iPhone Developer";
				FRAMEWORK_SEARCH_PATHS = (
					"$(inherited)",
					"$(PROJECT_DIR)",
				);
				GCC_PRECOMPILE_PREFIX_HEADER = YES;
				GCC_PREFIX_HEADER = "NetworkingApp/NetworkingApp-Prefix.pch";
				INFOPLIST_FILE = "NetworkingApp/NetworkingApp-Info.plist";
				IPHONEOS_DEPLOYMENT_TARGET = 7.0;
				PRODUCT_NAME = "$(TARGET_NAME)";
				PROVISIONING_PROFILE = "";
				WRAPPER_EXTENSION = app;
			};
			name = Release;
		};
		A5D6046D19753A78009C6753 /* Debug */ = {
			isa = XCBuildConfiguration;
			buildSettings = {
				BUNDLE_LOADER = "$(BUILT_PRODUCTS_DIR)/NetworkingApp.app/NetworkingApp";
				FRAMEWORK_SEARCH_PATHS = (
					"$(SDKROOT)/Developer/Library/Frameworks",
					"$(inherited)",
					"$(DEVELOPER_FRAMEWORKS_DIR)",
				);
				GCC_PRECOMPILE_PREFIX_HEADER = YES;
				GCC_PREFIX_HEADER = "NetworkingApp/NetworkingApp-Prefix.pch";
				GCC_PREPROCESSOR_DEFINITIONS = (
					"DEBUG=1",
					"$(inherited)",
				);
				INFOPLIST_FILE = "NetworkingAppTests/NetworkingAppTests-Info.plist";
				PRODUCT_NAME = "$(TARGET_NAME)";
				TEST_HOST = "$(BUNDLE_LOADER)";
				WRAPPER_EXTENSION = xctest;
			};
			name = Debug;
		};
		A5D6046E19753A78009C6753 /* Release */ = {
			isa = XCBuildConfiguration;
			buildSettings = {
				BUNDLE_LOADER = "$(BUILT_PRODUCTS_DIR)/NetworkingApp.app/NetworkingApp";
				FRAMEWORK_SEARCH_PATHS = (
					"$(SDKROOT)/Developer/Library/Frameworks",
					"$(inherited)",
					"$(DEVELOPER_FRAMEWORKS_DIR)",
				);
				GCC_PRECOMPILE_PREFIX_HEADER = YES;
				GCC_PREFIX_HEADER = "NetworkingApp/NetworkingApp-Prefix.pch";
				INFOPLIST_FILE = "NetworkingAppTests/NetworkingAppTests-Info.plist";
				PRODUCT_NAME = "$(TARGET_NAME)";
				TEST_HOST = "$(BUNDLE_LOADER)";
				WRAPPER_EXTENSION = xctest;
			};
			name = Release;
		};
/* End XCBuildConfiguration section */

/* Begin XCConfigurationList section */
		A5D6042F19753A77009C6753 /* Build configuration list for PBXProject "NetworkingApp" */ = {
			isa = XCConfigurationList;
			buildConfigurations = (
				A5D6046719753A78009C6753 /* Debug */,
				A5D6046819753A78009C6753 /* Release */,
			);
			defaultConfigurationIsVisible = 0;
			defaultConfigurationName = Release;
		};
		A5D6046919753A78009C6753 /* Build configuration list for PBXNativeTarget "NetworkingApp" */ = {
			isa = XCConfigurationList;
			buildConfigurations = (
				A5D6046A19753A78009C6753 /* Debug */,
				A5D6046B19753A78009C6753 /* Release */,
			);
			defaultConfigurationIsVisible = 0;
			defaultConfigurationName = Release;
		};
		A5D6046C19753A78009C6753 /* Build configuration list for PBXNativeTarget "NetworkingAppTests" */ = {
			isa = XCConfigurationList;
			buildConfigurations = (
				A5D6046D19753A78009C6753 /* Debug */,
				A5D6046E19753A78009C6753 /* Release */,
			);
			defaultConfigurationIsVisible = 0;
			defaultConfigurationName = Release;
		};
/* End XCConfigurationList section */
	};
	rootObject = A5D6042C19753A77009C6753 /* Project object */;
}
